
Microsoft Visual Studio Solution File, Format Version 12.00
# Visual Studio Version 17
VisualStudioVersion = 17.8.34511.84
MinimumVisualStudioVersion = 10.0.40219.1
Project("{FAE04EC0-301F-11D3-BF4B-00C04F79EFBC}") = "Crawler", "Crawler\Crawler\Crawler.csproj", "{224D49D4-0135-4CDD-81EC-C07FE6C32865}"
EndProject
Global
	GlobalSection(SolutionConfigurationPlatforms) = preSolution
		Debug|Any CPU = Debug|Any CPU
		Release|Any CPU = Release|Any CPU
	EndGlobalSection
	GlobalSection(ProjectConfigurationPlatforms) = postSolution
		{224D49D4-0135-4CDD-81EC-C07FE6C32865}.Debug|Any CPU.ActiveCfg = Debug|Any CPU
		{224D49D4-0135-4CDD-81EC-C07FE6C32865}.Debug|Any CPU.Build.0 = Debug|Any CPU
		{224D49D4-0135-4CDD-81EC-C07FE6C32865}.Release|Any CPU.ActiveCfg = Release|Any CPU
		{224D49D4-0135-4CDD-81EC-C07FE6C32865}.Release|Any CPU.Build.0 = Release|Any CPU
	EndGlobalSection
	GlobalSection(SolutionProperties) = preSolution
		HideSolutionNode = FALSE
	EndGlobalSection
	GlobalSection(ExtensibilityGlobals) = postSolution
		SolutionGuid = {D49593BA-229F-4FA4-BA85-5EDAD6C88622}
	EndGlobalSection
EndGlobal
